
Microsoft Visual Studio Solution File, Format Version 12.00
# Visual Studio Version 17
VisualStudioVersion = 17.14.36511.14 d17.14
MinimumVisualStudioVersion = 10.0.40219.1
Project("{FAE04EC0-301F-11D3-BF4B-00C04F79EFBC}") = "Lab-LSP", "Lab-LSP.csproj", "{9DFF17AB-0619-441F-B9D6-2B5234971D5B}"
EndProject
Global
	GlobalSection(SolutionConfigurationPlatforms) = preSolution
		Debug|Any CPU = Debug|Any CPU
		Release|Any CPU = Release|Any CPU
	EndGlobalSection
	GlobalSection(ProjectConfigurationPlatforms) = postSolution
		{9DFF17AB-0619-441F-B9D6-2B5234971D5B}.Debug|Any CPU.ActiveCfg = Debug|Any CPU
		{9DFF17AB-0619-441F-B9D6-2B5234971D5B}.Debug|Any CPU.Build.0 = Debug|Any CPU
		{9DFF17AB-0619-441F-B9D6-2B5234971D5B}.Release|Any CPU.ActiveCfg = Release|Any CPU
		{9DFF17AB-0619-441F-B9D6-2B5234971D5B}.Release|Any CPU.Build.0 = Release|Any CPU
	EndGlobalSection
	GlobalSection(SolutionProperties) = preSolution
		HideSolutionNode = FALSE
	EndGlobalSection
	GlobalSection(ExtensibilityGlobals) = postSolution
		SolutionGuid = {5943B4A5-1DE1-42E3-AE13-9969660A6565}
	EndGlobalSection
EndGlobal
